
Microsoft Visual Studio Solution File, Format Version 12.00
# Visual Studio 14
VisualStudioVersion = 14.0.25420.1
MinimumVisualStudioVersion = 10.0.40219.1
Project("{8BC9CEB8-8B4A-11D0-8D11-00A0C91BC942}") = "Game", "Game\Game.vcxproj", "{523EAB39-AA76-4ECF-B8DF-836843209AF4}"
EndProject
Project("{2150E333-8FDC-42A3-9474-1A3956D46DE8}") = "Solution Items", "Solution Items", "{3E309DDA-3A19-499B-B11B-4ED514053427}"
	ProjectSection(SolutionItems) = preProject
		Local.testsettings = Local.testsettings
		PGT2.vsmdi = PGT2.vsmdi
		TraceAndTestImpact.testsettings = TraceAndTestImpact.testsettings
	EndProjectSection
EndProject
Project("{8BC9CEB8-8B4A-11D0-8D11-00A0C91BC942}") = "ParticleTest", "ParticleTest\ParticleTest.vcxproj", "{9D1B9748-3D86-430D-BCA5-0D52DAB4B0A5}"
EndProject
Global
	GlobalSection(SolutionConfigurationPlatforms) = preSolution
		Debug|Win32 = Debug|Win32
		Debug|x64 = Debug|x64
		Debug|x86 = Debug|x86
		Release|Win32 = Release|Win32
		Release|x64 = Release|x64
		Release|x86 = Release|x86
	EndGlobalSection
	GlobalSection(ProjectConfigurationPlatforms) = postSolution
		{523EAB39-AA76-4ECF-B8DF-836843209AF4}.Debug|Win32.ActiveCfg = Debug|Win32
		{523EAB39-AA76-4ECF-B8DF-836843209AF4}.Debug|Win32.Build.0 = Debug|Win32
		{523EAB39-AA76-4ECF-B8DF-836843209AF4}.Debug|x64.ActiveCfg = Debug|x64
		{523EAB39-AA76-4ECF-B8DF-836843209AF4}.Debug|x64.Build.0 = Debug|x64
		{523EAB39-AA76-4ECF-B8DF-836843209AF4}.Debug|x86.ActiveCfg = Debug|Win32
		{523EAB39-AA76-4ECF-B8DF-836843209AF4}.Debug|x86.Build.0 = Debug|Win32
		{523EAB39-AA76-4ECF-B8DF-836843209AF4}.Release|Win32.ActiveCfg = Release|Win32
		{523EAB39-AA76-4ECF-B8DF-836843209AF4}.Release|Win32.Build.0 = Release|Win32
		{523EAB39-AA76-4ECF-B8DF-836843209AF4}.Release|x64.ActiveCfg = Release|x64
		{523EAB39-AA76-4ECF-B8DF-836843209AF4}.Release|x64.Build.0 = Release|x64
		{523EAB39-AA76-4ECF-B8DF-836843209AF4}.Release|x86.ActiveCfg = Release|Win32
		{523EAB39-AA76-4ECF-B8DF-836843209AF4}.Release|x86.Build.0 = Release|Win32
		{9D1B9748-3D86-430D-BCA5-0D52DAB4B0A5}.Debug|Win32.ActiveCfg = Debug|Win32
		{9D1B9748-3D86-430D-BCA5-0D52DAB4B0A5}.Debug|Win32.Build.0 = Debug|Win32
		{9D1B9748-3D86-430D-BCA5-0D52DAB4B0A5}.Debug|x64.ActiveCfg = Debug|x64
		{9D1B9748-3D86-430D-BCA5-0D52DAB4B0A5}.Debug|x64.Build.0 = Debug|x64
		{9D1B9748-3D86-430D-BCA5-0D52DAB4B0A5}.Debug|x86.ActiveCfg = Debug|Win32
		{9D1B9748-3D86-430D-BCA5-0D52DAB4B0A5}.Debug|x86.Build.0 = Debug|Win32
		{9D1B9748-3D86-430D-BCA5-0D52DAB4B0A5}.Release|Win32.ActiveCfg = Release|Win32
		{9D1B9748-3D86-430D-BCA5-0D52DAB4B0A5}.Release|Win32.Build.0 = Release|Win32
		{9D1B9748-3D86-430D-BCA5-0D52DAB4B0A5}.Release|x64.ActiveCfg = Release|x64
		{9D1B9748-3D86-430D-BCA5-0D52DAB4B0A5}.Release|x64.Build.0 = Release|x64
		{9D1B9748-3D86-430D-BCA5-0D52DAB4B0A5}.Release|x86.ActiveCfg = Release|Win32
		{9D1B9748-3D86-430D-BCA5-0D52DAB4B0A5}.Release|x86.Build.0 = Release|Win32
	EndGlobalSection
	GlobalSection(SolutionProperties) = preSolution
		HideSolutionNode = FALSE
	EndGlobalSection
	GlobalSection(TestCaseManagementSettings) = postSolution
		CategoryFile = PGT2.vsmdi
	EndGlobalSection
EndGlobal
